
Microsoft Visual Studio Solution File, Format Version 12.00
Project("{FAE04EC0-301F-11D3-BF4B-00C04F79EFBC}") = "ECS.Benchmark", "src\ECS.Benchmark.csproj", "{1AA26623-28C8-4EE1-851E-36D410A560B2}"
EndProject
Global
	GlobalSection(SolutionConfigurationPlatforms) = preSolution
		Debug|Any CPU = Debug|Any CPU
		Release|Any CPU = Release|Any CPU
	EndGlobalSection
	GlobalSection(ProjectConfigurationPlatforms) = postSolution
		{1AA26623-28C8-4EE1-851E-36D410A560B2}.Debug|Any CPU.ActiveCfg = Debug|Any CPU
		{1AA26623-28C8-4EE1-851E-36D410A560B2}.Debug|Any CPU.Build.0 = Debug|Any CPU
		{1AA26623-28C8-4EE1-851E-36D410A560B2}.Release|Any CPU.ActiveCfg = Release|Any CPU
		{1AA26623-28C8-4EE1-851E-36D410A560B2}.Release|Any CPU.Build.0 = Release|Any CPU
	EndGlobalSection
EndGlobal
